<?xml version="1.0" encoding="utf-8"?>
<Project ToolsVersion="4.0" xmlns="http://schemas.microsoft.com/developer/msbuild/2003">
  <ItemGroup>
    <Filter Include="Source Files">
      <UniqueIdentifier>{4FC737F1-C7A5-4376-A066-2A32D752A2FF}</UniqueIdentifier>
      <Extensions>cpp;c;cc;cxx;def;odl;idl;hpj;bat;asm;asmx</Extensions>
    </Filter>
    <Filter Include="Header Files">
      <UniqueIdentifier>{93995380-89BD-4b04-88EB-625FBE52EBFB}</UniqueIdentifier>
      <Extensions>h;hh;hpp;hxx;hm;inl;inc;xsd</Extensions>
    </Filter>
    <Filter Include="Resource Files">
      <UniqueIdentifier>{67DA6AB6-F800-4c08-8B7A-83BB121AAD01}</UniqueIdentifier>
      <Extensions>rc;ico;cur;bmp;dlg;rc2;rct;bin;rgs;gif;jpg;jpeg;jpe;resx;tiff;tif;png;wav;mfcribbon-ms</Extensions>
    </Filter>
    <Filter Include="Shaders">
      <UniqueIdentifier>{9ae83099-6883-448d-9b36-697642bea795}</UniqueIdentifier>
    </Filter>
  </ItemGroup>
  <ItemGroup>
    <ClInclude Include="CChongDevice.h">
      <Filter>Header Files</Filter>
    </ClInclude>
    <ClInclude Include="CDeviceStatus.h">
      <Filter>Header Files</Filter>
    </ClInclude>
    <ClInclude Include="CSceneManager.h">
      <Filter>Header Files</Filter>
    </ClInclude>
    <ClInclude Include="IBaseObject.h">
      <Filter>Header Files</Filter>
    </ClInclude>
    <ClInclude Include="Tank.h">
      <Filter>Header Files</Filter>
    </ClInclude>
    <ClInclude Include="ChongUtils.h">
      <Filter>Header Files</Filter>
    </ClInclude>
    <ClInclude Include="ChongHeader.h">
      <Filter>Header Files</Filter>
    </ClInclude>
    <ClInclude Include="ChongMath.h">
      <Filter>Header Files</Filter>
    </ClInclude>
    <ClInclude Include="CPipeline.h">
      <Filter>Header Files</Filter>
    </ClInclude>
    <ClInclude Include="CCamera.h">
      <Filter>Header Files</Filter>
    </ClInclude>
    <ClInclude Include="ChongRenderLagApi.h">
      <Filter>Header Files</Filter>
    </ClInclude>
    <ClInclude Include="IBaseShader.h">
      <Filter>Header Files</Filter>
    </ClInclude>
    <ClInclude Include="CLightShader.h">
      <Filter>Header Files</Filter>
    </ClInclude>
    <ClInclude Include="CRenderStatus.h">
      <Filter>Header Files</Filter>
    </ClInclude>
    <ClInclude Include="ICommonObject.h">
      <Filter>Header Files</Filter>
    </ClInclude>
    <ClInclude Include="ChongElements.h">
      <Filter>Header Files</Filter>
    </ClInclude>
    <ClInclude Include="ChongConstant.h">
      <Filter>Header Files</Filter>
    </ClInclude>
  </ItemGroup>
  <ItemGroup>
    <ClCompile Include="CChongDevice.cpp">
      <Filter>Source Files</Filter>
    </ClCompile>
    <ClCompile Include="CSceneManager.cpp">
      <Filter>Source Files</Filter>
    </ClCompile>
    <ClCompile Include="DemoTest.cpp">
      <Filter>Source Files</Filter>
    </ClCompile>
    <ClCompile Include="IBaseObject.cpp">
      <Filter>Source Files</Filter>
    </ClCompile>
    <ClCompile Include="CDeviceStatus.cpp">
      <Filter>Source Files</Filter>
    </ClCompile>
    <ClCompile Include="Tank.cpp">
      <Filter>Source Files</Filter>
    </ClCompile>
    <ClCompile Include="ChongUtils.cpp">
      <Filter>Source Files</Filter>
    </ClCompile>
    <ClCompile Include="ChongMath.cpp">
      <Filter>Source Files</Filter>
    </ClCompile>
    <ClCompile Include="CCamera.cpp">
      <Filter>Source Files</Filter>
    </ClCompile>
    <ClCompile Include="ChongRenderLagApi.cpp">
      <Filter>Source Files</Filter>
    </ClCompile>
    <ClCompile Include="IBaseShader.cpp">
      <Filter>Source Files</Filter>
    </ClCompile>
    <ClCompile Include="CLightShader.cpp">
      <Filter>Source Files</Filter>
    </ClCompile>
    <ClCompile Include="CRenderStatus.cpp">
      <Filter>Source Files</Filter>
    </ClCompile>
    <ClCompile Include="CPipeline.cpp">
      <Filter>Source Files</Filter>
    </ClCompile>
    <ClCompile Include="ICommonObject.cpp">
      <Filter>Source Files</Filter>
    </ClCompile>
  </ItemGroup>
  <ItemGroup>
    <None Include="shader\shader.fs">
      <Filter>Shaders</Filter>
    </None>
    <None Include="shader\shader.vs">
      <Filter>Shaders</Filter>
    </None>
  </ItemGroup>
</Project>